
Microsoft Visual Studio Solution File, Format Version 12.00
# Visual Studio 15
VisualStudioVersion = 15.0.28307.329
MinimumVisualStudioVersion = 10.0.40219.1
Project("{FAE04EC0-301F-11D3-BF4B-00C04F79EFBC}") = "Kanchan_Selenium", "Kanchan_Selenium\Kanchan_Selenium.csproj", "{DC560597-93E3-4139-82F5-A0278AD4322C}"
EndProject
Project("{FAE04EC0-301F-11D3-BF4B-00C04F79EFBC}") = "Kanchan_SolutionTwo", "Kanchan_SolutionTwo\Kanchan_SolutionTwo.csproj", "{814C808E-A6C5-483E-9AEC-1597CFE1740C}"
EndProject
Project("{FAE04EC0-301F-11D3-BF4B-00C04F79EFBC}") = "Selenium_Sessions", "Selenium_Sessions\Selenium_Sessions.csproj", "{2B230C96-85C7-4C3C-81F2-8088A880F316}"
EndProject
Project("{FAE04EC0-301F-11D3-BF4B-00C04F79EFBC}") = "Test", "Test\Test.csproj", "{10CEEA45-59A5-4EA6-9C3F-4F003F16874B}"
EndProject
Project("{FAE04EC0-301F-11D3-BF4B-00C04F79EFBC}") = "PageObjectModel", "PageObjectModel\PageObjectModel.csproj", "{03254F2E-A237-4111-9483-79C2B664B840}"
EndProject
Global
	GlobalSection(SolutionConfigurationPlatforms) = preSolution
		Debug|Any CPU = Debug|Any CPU
		Release|Any CPU = Release|Any CPU
	EndGlobalSection
	GlobalSection(ProjectConfigurationPlatforms) = postSolution
		{DC560597-93E3-4139-82F5-A0278AD4322C}.Debug|Any CPU.ActiveCfg = Debug|Any CPU
		{DC560597-93E3-4139-82F5-A0278AD4322C}.Debug|Any CPU.Build.0 = Debug|Any CPU
		{DC560597-93E3-4139-82F5-A0278AD4322C}.Release|Any CPU.ActiveCfg = Release|Any CPU
		{DC560597-93E3-4139-82F5-A0278AD4322C}.Release|Any CPU.Build.0 = Release|Any CPU
		{814C808E-A6C5-483E-9AEC-1597CFE1740C}.Debug|Any CPU.ActiveCfg = Debug|Any CPU
		{814C808E-A6C5-483E-9AEC-1597CFE1740C}.Debug|Any CPU.Build.0 = Debug|Any CPU
		{814C808E-A6C5-483E-9AEC-1597CFE1740C}.Release|Any CPU.ActiveCfg = Release|Any CPU
		{814C808E-A6C5-483E-9AEC-1597CFE1740C}.Release|Any CPU.Build.0 = Release|Any CPU
		{2B230C96-85C7-4C3C-81F2-8088A880F316}.Debug|Any CPU.ActiveCfg = Debug|Any CPU
		{2B230C96-85C7-4C3C-81F2-8088A880F316}.Debug|Any CPU.Build.0 = Debug|Any CPU
		{2B230C96-85C7-4C3C-81F2-8088A880F316}.Release|Any CPU.ActiveCfg = Release|Any CPU
		{2B230C96-85C7-4C3C-81F2-8088A880F316}.Release|Any CPU.Build.0 = Release|Any CPU
		{10CEEA45-59A5-4EA6-9C3F-4F003F16874B}.Debug|Any CPU.ActiveCfg = Debug|Any CPU
		{10CEEA45-59A5-4EA6-9C3F-4F003F16874B}.Debug|Any CPU.Build.0 = Debug|Any CPU
		{10CEEA45-59A5-4EA6-9C3F-4F003F16874B}.Release|Any CPU.ActiveCfg = Release|Any CPU
		{10CEEA45-59A5-4EA6-9C3F-4F003F16874B}.Release|Any CPU.Build.0 = Release|Any CPU
		{03254F2E-A237-4111-9483-79C2B664B840}.Debug|Any CPU.ActiveCfg = Debug|Any CPU
		{03254F2E-A237-4111-9483-79C2B664B840}.Debug|Any CPU.Build.0 = Debug|Any CPU
		{03254F2E-A237-4111-9483-79C2B664B840}.Release|Any CPU.ActiveCfg = Release|Any CPU
		{03254F2E-A237-4111-9483-79C2B664B840}.Release|Any CPU.Build.0 = Release|Any CPU
	EndGlobalSection
	GlobalSection(SolutionProperties) = preSolution
		HideSolutionNode = FALSE
	EndGlobalSection
	GlobalSection(ExtensibilityGlobals) = postSolution
		SolutionGuid = {57CABDD4-875A-489A-9AF6-E8568500A33B}
	EndGlobalSection
EndGlobal
